// !$*UTF8*$!
{
	archiveVersion = 1;
	classes = {
	};
	objectVersion = 55;
	objects = {

/* Begin PBXBuildFile section */
		8C7B7E8B2743E24F00D9EBAA /* AppDelegate.swift in Sources */ = {isa = PBXBuildFile; fileRef = 8C7B7E8A2743E24F00D9EBAA /* AppDelegate.swift */; };
		8C7B7E8D2743E24F00D9EBAA /* SceneDelegate.swift in Sources */ = {isa = PBXBuildFile; fileRef = 8C7B7E8C2743E24F00D9EBAA /* SceneDelegate.swift */; };
		8C7B7E8F2743E24F00D9EBAA /* DetailViewController.swift in Sources */ = {isa = PBXBuildFile; fileRef = 8C7B7E8E2743E24F00D9EBAA /* DetailViewController.swift */; };
		8C7B7E922743E24F00D9EBAA /* Main.storyboard in Resources */ = {isa = PBXBuildFile; fileRef = 8C7B7E902743E24F00D9EBAA /* Main.storyboard */; };
		8C7B7E942743E26300D9EBAA /* Assets.xcassets in Resources */ = {isa = PBXBuildFile; fileRef = 8C7B7E932743E26300D9EBAA /* Assets.xcassets */; };
		8C7B7E972743E26300D9EBAA /* LaunchScreen.storyboard in Resources */ = {isa = PBXBuildFile; fileRef = 8C7B7E952743E26300D9EBAA /* LaunchScreen.storyboard */; };
		8C7B7EA42743EF4A00D9EBAA /* TrackTableViewController.swift in Sources */ = {isa = PBXBuildFile; fileRef = 8C7B7EA32743EF4A00D9EBAA /* TrackTableViewController.swift */; };
		8C7B7EA62743F53400D9EBAA /* Song.swift in Sources */ = {isa = PBXBuildFile; fileRef = 8C7B7EA52743F53400D9EBAA /* Song.swift */; };
		8C7B7EA82743F5C200D9EBAA /* DataManager.swift in Sources */ = {isa = PBXBuildFile; fileRef = 8C7B7EA72743F5C200D9EBAA /* DataManager.swift */; };
		8C7B7EAA2743FDED00D9EBAA /* MovieTableViewCell.swift in Sources */ = {isa = PBXBuildFile; fileRef = 8C7B7EA92743FDED00D9EBAA /* MovieTableViewCell.swift */; };
		8C7B7EAC2743FEA900D9EBAA /* MovieTableViewController.swift in Sources */ = {isa = PBXBuildFile; fileRef = 8C7B7EAB2743FEA900D9EBAA /* MovieTableViewController.swift */; };
		8C7B7EAE2744361F00D9EBAA /* Movie.swift in Sources */ = {isa = PBXBuildFile; fileRef = 8C7B7EAD2744361F00D9EBAA /* Movie.swift */; };
/* End PBXBuildFile section */

/* Begin PBXFileReference section */
		8C7B7E872743E24F00D9EBAA /* TrackList.app */ = {isa = PBXFileReference; explicitFileType = wrapper.application; includeInIndex = 0; path = TrackList.app; sourceTree = BUILT_PRODUCTS_DIR; };
		8C7B7E8A2743E24F00D9EBAA /* AppDelegate.swift */ = {isa = PBXFileReference; lastKnownFileType = sourcecode.swift; path = AppDelegate.swift; sourceTree = "<group>"; };
		8C7B7E8C2743E24F00D9EBAA /* SceneDelegate.swift */ = {isa = PBXFileReference; lastKnownFileType = sourcecode.swift; path = SceneDelegate.swift; sourceTree = "<group>"; };
		8C7B7E8E2743E24F00D9EBAA /* DetailViewController.swift */ = {isa = PBXFileReference; lastKnownFileType = sourcecode.swift; path = DetailViewController.swift; sourceTree = "<group>"; };
		8C7B7E912743E24F00D9EBAA /* Base */ = {isa = PBXFileReference; lastKnownFileType = file.storyboard; name = Base; path = Base.lproj/Main.storyboard; sourceTree = "<group>"; };
		8C7B7E932743E26300D9EBAA /* Assets.xcassets */ = {isa = PBXFileReference; lastKnownFileType = folder.assetcatalog; path = Assets.xcassets; sourceTree = "<group>"; };
		8C7B7E962743E26300D9EBAA /* Base */ = {isa = PBXFileReference; lastKnownFileType = file.storyboard; name = Base; path = Base.lproj/LaunchScreen.storyboard; sourceTree = "<group>"; };
		8C7B7E982743E26300D9EBAA /* Info.plist */ = {isa = PBXFileReference; lastKnownFileType = text.plist.xml; path = Info.plist; sourceTree = "<group>"; };
		8C7B7EA32743EF4A00D9EBAA /* TrackTableViewController.swift */ = {isa = PBXFileReference; lastKnownFileType = sourcecode.swift; path = TrackTableViewController.swift; sourceTree = "<group>"; };
		8C7B7EA52743F53400D9EBAA /* Song.swift */ = {isa = PBXFileReference; lastKnownFileType = sourcecode.swift; path = Song.swift; sourceTree = "<group>"; };
		8C7B7EA72743F5C200D9EBAA /* DataManager.swift */ = {isa = PBXFileReference; lastKnownFileType = sourcecode.swift; path = DataManager.swift; sourceTree = "<group>"; };
		8C7B7EA92743FDED00D9EBAA /* MovieTableViewCell.swift */ = {isa = PBXFileReference; lastKnownFileType = sourcecode.swift; path = MovieTableViewCell.swift; sourceTree = "<group>"; };
		8C7B7EAB2743FEA900D9EBAA /* MovieTableViewController.swift */ = {isa = PBXFileReference; lastKnownFileType = sourcecode.swift; path = MovieTableViewController.swift; sourceTree = "<group>"; };
		8C7B7EAD2744361F00D9EBAA /* Movie.swift */ = {isa = PBXFileReference; lastKnownFileType = sourcecode.swift; path = Movie.swift; sourceTree = "<group>"; };
/* End PBXFileReference section */

/* Begin PBXFrameworksBuildPhase section */
		8C7B7E842743E24F00D9EBAA /* Frameworks */ = {
			isa = PBXFrameworksBuildPhase;
			buildActionMask = 2147483647;
			files = (
			);
			runOnlyForDeploymentPostprocessing = 0;
		};
/* End PBXFrameworksBuildPhase section */

/* Begin PBXGroup section */
		8C7B7E7E2743E24F00D9EBAA = {
			isa = PBXGroup;
			children = (
				8C7B7E892743E24F00D9EBAA /* TrackList */,
				8C7B7E882743E24F00D9EBAA /* Products */,
			);
			sourceTree = "<group>";
		};
		8C7B7E882743E24F00D9EBAA /* Products */ = {
			isa = PBXGroup;
			children = (
				8C7B7E872743E24F00D9EBAA /* TrackList.app */,
			);
			name = Products;
			sourceTree = "<group>";
		};
		8C7B7E892743E24F00D9EBAA /* TrackList */ = {
			isa = PBXGroup;
			children = (
				8C7B7E9E2743EC2200D9EBAA /* AppDelegatee */,
				8C7B7EA22743ECD300D9EBAA /* Model */,
				8C7B7EA02743EC7800D9EBAA /* Controller */,
				8C7B7EA12743EC9000D9EBAA /* Views */,
				8C7B7E932743E26300D9EBAA /* Assets.xcassets */,
				8C7B7E982743E26300D9EBAA /* Info.plist */,
			);
			path = TrackList;
			sourceTree = "<group>";
		};
		8C7B7E9E2743EC2200D9EBAA /* AppDelegatee */ = {
			isa = PBXGroup;
			children = (
				8C7B7E8A2743E24F00D9EBAA /* AppDelegate.swift */,
				8C7B7E8C2743E24F00D9EBAA /* SceneDelegate.swift */,
			);
			path = AppDelegatee;
			sourceTree = "<group>";
		};
		8C7B7EA02743EC7800D9EBAA /* Controller */ = {
			isa = PBXGroup;
			children = (
				8C7B7E8E2743E24F00D9EBAA /* DetailViewController.swift */,
				8C7B7EA32743EF4A00D9EBAA /* TrackTableViewController.swift */,
				8C7B7EA92743FDED00D9EBAA /* MovieTableViewCell.swift */,
				8C7B7EAB2743FEA900D9EBAA /* MovieTableViewController.swift */,
			);
			path = Controller;
			sourceTree = "<group>";
		};
		8C7B7EA12743EC9000D9EBAA /* Views */ = {
			isa = PBXGroup;
			children = (
				8C7B7E902743E24F00D9EBAA /* Main.storyboard */,
				8C7B7E952743E26300D9EBAA /* LaunchScreen.storyboard */,
			);
			path = Views;
			sourceTree = "<group>";
		};
		8C7B7EA22743ECD300D9EBAA /* Model */ = {
			isa = PBXGroup;
			children = (
				8C7B7EA52743F53400D9EBAA /* Song.swift */,
				8C7B7EA72743F5C200D9EBAA /* DataManager.swift */,
				8C7B7EAD2744361F00D9EBAA /* Movie.swift */,
			);
			path = Model;
			sourceTree = "<group>";
		};
/* End PBXGroup section */

/* Begin PBXNativeTarget section */
		8C7B7E862743E24F00D9EBAA /* TrackList */ = {
			isa = PBXNativeTarget;
			buildConfigurationList = 8C7B7E9B2743E26300D9EBAA /* Build configuration list for PBXNativeTarget "TrackList" */;
			buildPhases = (
				8C7B7E832743E24F00D9EBAA /* Sources */,
				8C7B7E842743E24F00D9EBAA /* Frameworks */,
				8C7B7E852743E24F00D9EBAA /* Resources */,
			);
			buildRules = (
			);
			dependencies = (
			);
			name = TrackList;
			productName = TrackList;
			productReference = 8C7B7E872743E24F00D9EBAA /* TrackList.app */;
			productType = "com.apple.product-type.application";
		};
/* End PBXNativeTarget section */

/* Begin PBXProject section */
		8C7B7E7F2743E24F00D9EBAA /* Project object */ = {
			isa = PBXProject;
			attributes = {
				BuildIndependentTargetsInParallel = 1;
				LastSwiftUpdateCheck = 1310;
				LastUpgradeCheck = 1310;
				TargetAttributes = {
					8C7B7E862743E24F00D9EBAA = {
						CreatedOnToolsVersion = 13.1;
					};
				};
			};
			buildConfigurationList = 8C7B7E822743E24F00D9EBAA /* Build configuration list for PBXProject "TrackList" */;
			compatibilityVersion = "Xcode 13.0";
			developmentRegion = en;
			hasScannedForEncodings = 0;
			knownRegions = (
				en,
				Base,
			);
			mainGroup = 8C7B7E7E2743E24F00D9EBAA;
			productRefGroup = 8C7B7E882743E24F00D9EBAA /* Products */;
			projectDirPath = "";
			projectRoot = "";
			targets = (
				8C7B7E862743E24F00D9EBAA /* TrackList */,
			);
		};
/* End PBXProject section */

/* Begin PBXResourcesBuildPhase section */
		8C7B7E852743E24F00D9EBAA /* Resources */ = {
			isa = PBXResourcesBuildPhase;
			buildActionMask = 2147483647;
			files = (
				8C7B7E972743E26300D9EBAA /* LaunchScreen.storyboard in Resources */,
				8C7B7E942743E26300D9EBAA /* Assets.xcassets in Resources */,
				8C7B7E922743E24F00D9EBAA /* Main.storyboard in Resources */,
			);
			runOnlyForDeploymentPostprocessing = 0;
		};
/* End PBXResourcesBuildPhase section */

/* Begin PBXSourcesBuildPhase section */
		8C7B7E832743E24F00D9EBAA /* Sources */ = {
			isa = PBXSourcesBuildPhase;
			buildActionMask = 2147483647;
			files = (
				8C7B7EAC2743FEA900D9EBAA /* MovieTableViewController.swift in Sources */,
				8C7B7E8F2743E24F00D9EBAA /* DetailViewController.swift in Sources */,
				8C7B7EAE2744361F00D9EBAA /* Movie.swift in Sources */,
				8C7B7EA82743F5C200D9EBAA /* DataManager.swift in Sources */,
				8C7B7EAA2743FDED00D9EBAA /* MovieTableViewCell.swift in Sources */,
				8C7B7EA42743EF4A00D9EBAA /* TrackTableViewController.swift in Sources */,
				8C7B7E8B2743E24F00D9EBAA /* AppDelegate.swift in Sources */,
				8C7B7E8D2743E24F00D9EBAA /* SceneDelegate.swift in Sources */,
				8C7B7EA62743F53400D9EBAA /* Song.swift in Sources */,
			);
			runOnlyForDeploymentPostprocessing = 0;
		};
/* End PBXSourcesBuildPhase section */

/* Begin PBXVariantGroup section */
		8C7B7E902743E24F00D9EBAA /* Main.storyboard */ = {
			isa = PBXVariantGroup;
			children = (
				8C7B7E912743E24F00D9EBAA /* Base */,
			);
			name = Main.storyboard;
			sourceTree = "<group>";
		};
		8C7B7E952743E26300D9EBAA /* LaunchScreen.storyboard */ = {
			isa = PBXVariantGroup;
			children = (
				8C7B7E962743E26300D9EBAA /* Base */,
			);
			name = LaunchScreen.storyboard;
			sourceTree = "<group>";
		};
/* End PBXVariantGroup section */

/* Begin XCBuildConfiguration section */
		8C7B7E992743E26300D9EBAA /* Debug */ = {
			isa = XCBuildConfiguration;
			buildSettings = {
				ALWAYS_SEARCH_USER_PATHS = NO;
				CLANG_ANALYZER_NONNULL = YES;
				CLANG_ANALYZER_NUMBER_OBJECT_CONVERSION = YES_AGGRESSIVE;
				CLANG_CXX_LANGUAGE_STANDARD = "gnu++17";
				CLANG_CXX_LIBRARY = "libc++";
				CLANG_ENABLE_MODULES = YES;
				CLANG_ENABLE_OBJC_ARC = YES;
				CLANG_ENABLE_OBJC_WEAK = YES;
				CLANG_WARN_BLOCK_CAPTURE_AUTORELEASING = YES;
				CLANG_WARN_BOOL_CONVERSION = YES;
				CLANG_WARN_COMMA = YES;
				CLANG_WARN_CONSTANT_CONVERSION = YES;
				CLANG_WARN_DEPRECATED_OBJC_IMPLEMENTATIONS = YES;
				CLANG_WARN_DIRECT_OBJC_ISA_USAGE = YES_ERROR;
				CLANG_WARN_DOCUMENTATION_COMMENTS = YES;
				CLANG_WARN_EMPTY_BODY = YES;
				CLANG_WARN_ENUM_CONVERSION = YES;
				CLANG_WARN_INFINITE_RECURSION = YES;
				CLANG_WARN_INT_CONVERSION = YES;
				CLANG_WARN_NON_LITERAL_NULL_CONVERSION = YES;
				CLANG_WARN_OBJC_IMPLICIT_RETAIN_SELF = YES;
				CLANG_WARN_OBJC_LITERAL_CONVERSION = YES;
				CLANG_WARN_OBJC_ROOT_CLASS = YES_ERROR;
				CLANG_WARN_QUOTED_INCLUDE_IN_FRAMEWORK_HEADER = YES;
				CLANG_WARN_RANGE_LOOP_ANALYSIS = YES;
				CLANG_WARN_STRICT_PROTOTYPES = YES;
				CLANG_WARN_SUSPICIOUS_MOVE = YES;
				CLANG_WARN_UNGUARDED_AVAILABILITY = YES_AGGRESSIVE;
				CLANG_WARN_UNREACHABLE_CODE = YES;
				CLANG_WARN__DUPLICATE_METHOD_MATCH = YES;
				COPY_PHASE_STRIP = NO;
				DEBUG_INFORMATION_FORMAT = dwarf;
				ENABLE_STRICT_OBJC_MSGSEND = YES;
				ENABLE_TESTABILITY = YES;
				GCC_C_LANGUAGE_STANDARD = gnu11;
				GCC_DYNAMIC_NO_PIC = NO;
				GCC_NO_COMMON_BLOCKS = YES;
				GCC_OPTIMIZATION_LEVEL = 0;
				GCC_PREPROCESSOR_DEFINITIONS = (
					"DEBUG=1",
					"$(inherited)",
				);
				GCC_WARN_64_TO_32_BIT_CONVERSION = YES;
				GCC_WARN_ABOUT_RETURN_TYPE = YES_ERROR;
				GCC_WARN_UNDECLARED_SELECTOR = YES;
				GCC_WARN_UNINITIALIZED_AUTOS = YES_AGGRESSIVE;
				GCC_WARN_UNUSED_FUNCTION = YES;
				GCC_WARN_UNUSED_VARIABLE = YES;
				IPHONEOS_DEPLOYMENT_TARGET = 15.0;
				MTL_ENABLE_DEBUG_INFO = INCLUDE_SOURCE;
				MTL_FAST_MATH = YES;
				ONLY_ACTIVE_ARCH = YES;
				SDKROOT = iphoneos;
				SWIFT_ACTIVE_COMPILATION_CONDITIONS = DEBUG;
				SWIFT_OPTIMIZATION_LEVEL = "-Onone";
			};
			name = Debug;
		};
		8C7B7E9A2743E26300D9EBAA /* Release */ = {
			isa = XCBuildConfiguration;
			buildSettings = {
				ALWAYS_SEARCH_USER_PATHS = NO;
				CLANG_ANALYZER_NONNULL = YES;
				CLANG_ANALYZER_NUMBER_OBJECT_CONVERSION = YES_AGGRESSIVE;
				CLANG_CXX_LANGUAGE_STANDARD = "gnu++17";
				CLANG_CXX_LIBRARY = "libc++";
				CLANG_ENABLE_MODULES = YES;
				CLANG_ENABLE_OBJC_ARC = YES;
				CLANG_ENABLE_OBJC_WEAK = YES;
				CLANG_WARN_BLOCK_CAPTURE_AUTORELEASING = YES;
				CLANG_WARN_BOOL_CONVERSION = YES;
				CLANG_WARN_COMMA = YES;
				CLANG_WARN_CONSTANT_CONVERSION = YES;
				CLANG_WARN_DEPRECATED_OBJC_IMPLEMENTATIONS = YES;
				CLANG_WARN_DIRECT_OBJC_ISA_USAGE = YES_ERROR;
				CLANG_WARN_DOCUMENTATION_COMMENTS = YES;
				CLANG_WARN_EMPTY_BODY = YES;
				CLANG_WARN_ENUM_CONVERSION = YES;
				CLANG_WARN_INFINITE_RECURSION = YES;
				CLANG_WARN_INT_CONVERSION = YES;
				CLANG_WARN_NON_LITERAL_NULL_CONVERSION = YES;
				CLANG_WARN_OBJC_IMPLICIT_RETAIN_SELF = YES;
				CLANG_WARN_OBJC_LITERAL_CONVERSION = YES;
				CLANG_WARN_OBJC_ROOT_CLASS = YES_ERROR;
				CLANG_WARN_QUOTED_INCLUDE_IN_FRAMEWORK_HEADER = YES;
				CLANG_WARN_RANGE_LOOP_ANALYSIS = YES;
				CLANG_WARN_STRICT_PROTOTYPES = YES;
				CLANG_WARN_SUSPICIOUS_MOVE = YES;
				CLANG_WARN_UNGUARDED_AVAILABILITY = YES_AGGRESSIVE;
				CLANG_WARN_UNREACHABLE_CODE = YES;
				CLANG_WARN__DUPLICATE_METHOD_MATCH = YES;
				COPY_PHASE_STRIP = NO;
				DEBUG_INFORMATION_FORMAT = "dwarf-with-dsym";
				ENABLE_NS_ASSERTIONS = NO;
				ENABLE_STRICT_OBJC_MSGSEND = YES;
				GCC_C_LANGUAGE_STANDARD = gnu11;
				GCC_NO_COMMON_BLOCKS = YES;
				GCC_WARN_64_TO_32_BIT_CONVERSION = YES;
				GCC_WARN_ABOUT_RETURN_TYPE = YES_ERROR;
				GCC_WARN_UNDECLARED_SELECTOR = YES;
				GCC_WARN_UNINITIALIZED_AUTOS = YES_AGGRESSIVE;
				GCC_WARN_UNUSED_FUNCTION = YES;
				GCC_WARN_UNUSED_VARIABLE = YES;
				IPHONEOS_DEPLOYMENT_TARGET = 15.0;
				MTL_ENABLE_DEBUG_INFO = NO;
				MTL_FAST_MATH = YES;
				SDKROOT = iphoneos;
				SWIFT_COMPILATION_MODE = wholemodule;
				SWIFT_OPTIMIZATION_LEVEL = "-O";
				VALIDATE_PRODUCT = YES;
			};
			name = Release;
		};
		8C7B7E9C2743E26300D9EBAA /* Debug */ = {
			isa = XCBuildConfiguration;
			buildSettings = {
				ASSETCATALOG_COMPILER_APPICON_NAME = AppIcon;
				ASSETCATALOG_COMPILER_GLOBAL_ACCENT_COLOR_NAME = AccentColor;
				CODE_SIGN_STYLE = Automatic;
				CURRENT_PROJECT_VERSION = 1;
				DEVELOPMENT_TEAM = 82ADSWPK94;
				GENERATE_INFOPLIST_FILE = YES;
				INFOPLIST_FILE = TrackList/Info.plist;
				INFOPLIST_KEY_UIApplicationSupportsIndirectInputEvents = YES;
				INFOPLIST_KEY_UILaunchStoryboardName = LaunchScreen;
				INFOPLIST_KEY_UIMainStoryboardFile = Main;
				INFOPLIST_KEY_UISupportedInterfaceOrientations_iPad = "UIInterfaceOrientationPortrait UIInterfaceOrientationPortraitUpsideDown UIInterfaceOrientationLandscapeLeft UIInterfaceOrientationLandscapeRight";
				INFOPLIST_KEY_UISupportedInterfaceOrientations_iPhone = "UIInterfaceOrientationPortrait UIInterfaceOrientationLandscapeLeft UIInterfaceOrientationLandscapeRight";
				LD_RUNPATH_SEARCH_PATHS = (
					"$(inherited)",
					"@executable_path/Frameworks",
				);
				MARKETING_VERSION = 1.0.0;
				PRODUCT_BUNDLE_IDENTIFIER = bootcamp.TrackList;
				PRODUCT_NAME = "$(TARGET_NAME)";
				SWIFT_EMIT_LOC_STRINGS = YES;
				SWIFT_VERSION = 5.0;
				TARGETED_DEVICE_FAMILY = "1,2";
			};
			name = Debug;
		};
		8C7B7E9D2743E26300D9EBAA /* Release */ = {
			isa = XCBuildConfiguration;
			buildSettings = {
				ASSETCATALOG_COMPILER_APPICON_NAME = AppIcon;
				ASSETCATALOG_COMPILER_GLOBAL_ACCENT_COLOR_NAME = AccentColor;
				CODE_SIGN_STYLE = Automatic;
				CURRENT_PROJECT_VERSION = 1;
				DEVELOPMENT_TEAM = 82ADSWPK94;
				GENERATE_INFOPLIST_FILE = YES;
				INFOPLIST_FILE = TrackList/Info.plist;
				INFOPLIST_KEY_UIApplicationSupportsIndirectInputEvents = YES;
				INFOPLIST_KEY_UILaunchStoryboardName = LaunchScreen;
				INFOPLIST_KEY_UIMainStoryboardFile = Main;
				INFOPLIST_KEY_UISupportedInterfaceOrientations_iPad = "UIInterfaceOrientationPortrait UIInterfaceOrientationPortraitUpsideDown UIInterfaceOrientationLandscapeLeft UIInterfaceOrientationLandscapeRight";
				INFOPLIST_KEY_UISupportedInterfaceOrientations_iPhone = "UIInterfaceOrientationPortrait UIInterfaceOrientationLandscapeLeft UIInterfaceOrientationLandscapeRight";
				LD_RUNPATH_SEARCH_PATHS = (
					"$(inherited)",
					"@executable_path/Frameworks",
				);
				MARKETING_VERSION = 1.0.0;
				PRODUCT_BUNDLE_IDENTIFIER = bootcamp.TrackList;
				PRODUCT_NAME = "$(TARGET_NAME)";
				SWIFT_EMIT_LOC_STRINGS = YES;
				SWIFT_VERSION = 5.0;
				TARGETED_DEVICE_FAMILY = "1,2";
			};
			name = Release;
		};
/* End XCBuildConfiguration section */

/* Begin XCConfigurationList section */
		8C7B7E822743E24F00D9EBAA /* Build configuration list for PBXProject "TrackList" */ = {
			isa = XCConfigurationList;
			buildConfigurations = (
				8C7B7E992743E26300D9EBAA /* Debug */,
				8C7B7E9A2743E26300D9EBAA /* Release */,
			);
			defaultConfigurationIsVisible = 0;
			defaultConfigurationName = Release;
		};
		8C7B7E9B2743E26300D9EBAA /* Build configuration list for PBXNativeTarget "TrackList" */ = {
			isa = XCConfigurationList;
			buildConfigurations = (
				8C7B7E9C2743E26300D9EBAA /* Debug */,
				8C7B7E9D2743E26300D9EBAA /* Release */,
			);
			defaultConfigurationIsVisible = 0;
			defaultConfigurationName = Release;
		};
/* End XCConfigurationList section */
	};
	rootObject = 8C7B7E7F2743E24F00D9EBAA /* Project object */;
}
